
Microsoft Visual Studio Solution File, Format Version 11.00
# Visual Studio 2010
Project("{FAE04EC0-301F-11D3-BF4B-00C04F79EFBC}") = "CSharpScriptExecutor", "CSharpScriptExecutor\CSharpScriptExecutor.csproj", "{44ABBA63-3EC7-4CC2-B325-F6420D81CCD6}"
EndProject
Project("{FAE04EC0-301F-11D3-BF4B-00C04F79EFBC}") = "CSharpScriptExecutor.Common", "CSharpScriptExecutor.Common\CSharpScriptExecutor.Common.csproj", "{C7764540-2BC9-4CCC-BFC4-3B245DE55B0E}"
EndProject
Global
	GlobalSection(SolutionConfigurationPlatforms) = preSolution
		Debug|Any CPU = Debug|Any CPU
		Release|Any CPU = Release|Any CPU
	EndGlobalSection
	GlobalSection(ProjectConfigurationPlatforms) = postSolution
		{44ABBA63-3EC7-4CC2-B325-F6420D81CCD6}.Debug|Any CPU.ActiveCfg = Debug|Any CPU
		{44ABBA63-3EC7-4CC2-B325-F6420D81CCD6}.Debug|Any CPU.Build.0 = Debug|Any CPU
		{44ABBA63-3EC7-4CC2-B325-F6420D81CCD6}.Release|Any CPU.ActiveCfg = Release|Any CPU
		{44ABBA63-3EC7-4CC2-B325-F6420D81CCD6}.Release|Any CPU.Build.0 = Release|Any CPU
		{C7764540-2BC9-4CCC-BFC4-3B245DE55B0E}.Debug|Any CPU.ActiveCfg = Debug|Any CPU
		{C7764540-2BC9-4CCC-BFC4-3B245DE55B0E}.Debug|Any CPU.Build.0 = Debug|Any CPU
		{C7764540-2BC9-4CCC-BFC4-3B245DE55B0E}.Release|Any CPU.ActiveCfg = Release|Any CPU
		{C7764540-2BC9-4CCC-BFC4-3B245DE55B0E}.Release|Any CPU.Build.0 = Release|Any CPU
	EndGlobalSection
	GlobalSection(SolutionProperties) = preSolution
		HideSolutionNode = FALSE
	EndGlobalSection
EndGlobal
